
Microsoft Visual Studio Solution File, Format Version 12.00
# Visual Studio Version 16
VisualStudioVersion = 16.0.32228.343
MinimumVisualStudioVersion = 10.0.40219.1
Project("{FAE04EC0-301F-11D3-BF4B-00C04F79EFBC}") = "societeCRUD", "societeCRUD\societeCRUD.csproj", "{3E115659-FD82-4433-BE7F-B849890B253D}"
EndProject
Global
	GlobalSection(SolutionConfigurationPlatforms) = preSolution
		Debug|Any CPU = Debug|Any CPU
		Release|Any CPU = Release|Any CPU
	EndGlobalSection
	GlobalSection(ProjectConfigurationPlatforms) = postSolution
		{3E115659-FD82-4433-BE7F-B849890B253D}.Debug|Any CPU.ActiveCfg = Debug|Any CPU
		{3E115659-FD82-4433-BE7F-B849890B253D}.Debug|Any CPU.Build.0 = Debug|Any CPU
		{3E115659-FD82-4433-BE7F-B849890B253D}.Release|Any CPU.ActiveCfg = Release|Any CPU
		{3E115659-FD82-4433-BE7F-B849890B253D}.Release|Any CPU.Build.0 = Release|Any CPU
	EndGlobalSection
	GlobalSection(SolutionProperties) = preSolution
		HideSolutionNode = FALSE
	EndGlobalSection
	GlobalSection(ExtensibilityGlobals) = postSolution
		SolutionGuid = {7889FC67-4B1E-4A33-97F2-E28FE5CBA138}
	EndGlobalSection
EndGlobal
